
Microsoft Visual Studio Solution File, Format Version 12.00
# Visual Studio Version 16
VisualStudioVersion = 16.0.28407.52
MinimumVisualStudioVersion = 10.0.40219.1
Project("{FAE04EC0-301F-11D3-BF4B-00C04F79EFBC}") = "SimpleNotesApp", "SimpleNotesApp\SimpleNotesApp.csproj", "{F1D67559-B757-4D2D-9976-38DEE1EBA72C}"
EndProject
Global
	GlobalSection(SolutionConfigurationPlatforms) = preSolution
		Debug|Any CPU = Debug|Any CPU
		Release|Any CPU = Release|Any CPU
	EndGlobalSection
	GlobalSection(ProjectConfigurationPlatforms) = postSolution
		{F1D67559-B757-4D2D-9976-38DEE1EBA72C}.Debug|Any CPU.ActiveCfg = Debug|Any CPU
		{F1D67559-B757-4D2D-9976-38DEE1EBA72C}.Debug|Any CPU.Build.0 = Debug|Any CPU
		{F1D67559-B757-4D2D-9976-38DEE1EBA72C}.Release|Any CPU.ActiveCfg = Release|Any CPU
		{F1D67559-B757-4D2D-9976-38DEE1EBA72C}.Release|Any CPU.Build.0 = Release|Any CPU
	EndGlobalSection
	GlobalSection(SolutionProperties) = preSolution
		HideSolutionNode = FALSE
	EndGlobalSection
	GlobalSection(ExtensibilityGlobals) = postSolution
		SolutionGuid = {1C700FDA-6950-4929-AE21-47D4A2D46028}
	EndGlobalSection
EndGlobal
